
Microsoft Visual Studio Solution File, Format Version 12.00
# Visual Studio Version 17
VisualStudioVersion = 17.13.35913.81 d17.13
MinimumVisualStudioVersion = 10.0.40219.1
Project("{FAE04EC0-301F-11D3-BF4B-00C04F79EFBC}") = "MVCAPI", "MVCAPI.csproj", "{84CAB69E-3D3D-438A-9A29-F5937F966155}"
EndProject
Global
	GlobalSection(SolutionConfigurationPlatforms) = preSolution
		Debug|Any CPU = Debug|Any CPU
		Release|Any CPU = Release|Any CPU
	EndGlobalSection
	GlobalSection(ProjectConfigurationPlatforms) = postSolution
		{84CAB69E-3D3D-438A-9A29-F5937F966155}.Debug|Any CPU.ActiveCfg = Debug|Any CPU
		{84CAB69E-3D3D-438A-9A29-F5937F966155}.Debug|Any CPU.Build.0 = Debug|Any CPU
		{84CAB69E-3D3D-438A-9A29-F5937F966155}.Release|Any CPU.ActiveCfg = Release|Any CPU
		{84CAB69E-3D3D-438A-9A29-F5937F966155}.Release|Any CPU.Build.0 = Release|Any CPU
	EndGlobalSection
	GlobalSection(SolutionProperties) = preSolution
		HideSolutionNode = FALSE
	EndGlobalSection
	GlobalSection(ExtensibilityGlobals) = postSolution
		SolutionGuid = {18EBF58F-38CB-48FC-BB24-9A26D7965455}
	EndGlobalSection
EndGlobal
